
Microsoft Visual Studio Solution File, Format Version 12.00
# Visual Studio Version 17
VisualStudioVersion = 17.6.33815.320
MinimumVisualStudioVersion = 10.0.40219.1
Project("{FAE04EC0-301F-11D3-BF4B-00C04F79EFBC}") = "MauiSlanted", "MauiSlanted\MauiSlanted.csproj", "{35936853-6785-4E3B-A479-F73F904BEB48}"
EndProject
Global
	GlobalSection(SolutionConfigurationPlatforms) = preSolution
		Debug|Any CPU = Debug|Any CPU
		Release|Any CPU = Release|Any CPU
	EndGlobalSection
	GlobalSection(ProjectConfigurationPlatforms) = postSolution
		{35936853-6785-4E3B-A479-F73F904BEB48}.Debug|Any CPU.ActiveCfg = Debug|Any CPU
		{35936853-6785-4E3B-A479-F73F904BEB48}.Debug|Any CPU.Build.0 = Debug|Any CPU
		{35936853-6785-4E3B-A479-F73F904BEB48}.Debug|Any CPU.Deploy.0 = Debug|Any CPU
		{35936853-6785-4E3B-A479-F73F904BEB48}.Release|Any CPU.ActiveCfg = Release|Any CPU
		{35936853-6785-4E3B-A479-F73F904BEB48}.Release|Any CPU.Build.0 = Release|Any CPU
		{35936853-6785-4E3B-A479-F73F904BEB48}.Release|Any CPU.Deploy.0 = Release|Any CPU
	EndGlobalSection
	GlobalSection(SolutionProperties) = preSolution
		HideSolutionNode = FALSE
	EndGlobalSection
	GlobalSection(ExtensibilityGlobals) = postSolution
		SolutionGuid = {A460BDCD-7E05-4099-A46D-1A12E6D1BE13}
	EndGlobalSection
EndGlobal
